
Microsoft Visual Studio Solution File, Format Version 12.00
# Visual Studio Version 17
VisualStudioVersion = 17.0.31903.59
MinimumVisualStudioVersion = 10.0.40219.1
Project("{2150E333-8FDC-42A3-9474-1A3956D46DE8}") = "src", "src", "{827E0CD3-B72D-47B6-A68D-7590B98EB39B}"
EndProject
Project("{FAE04EC0-301F-11D3-BF4B-00C04F79EFBC}") = "UserManagement.API", "src\UserManagement.API\UserManagement.API.csproj", "{78AFB71E-AC3F-4A5C-8BFD-D9E3FD89133C}"
EndProject
Project("{FAE04EC0-301F-11D3-BF4B-00C04F79EFBC}") = "UserManagement.Domain", "src\UserManagement.Domain\UserManagement.Domain.csproj", "{8E790E9E-80F5-4CE9-B6B2-E62D8E743958}"
EndProject
Project("{FAE04EC0-301F-11D3-BF4B-00C04F79EFBC}") = "UserManagement.Infrastructure", "src\UserManagement.Infrastructure\UserManagement.Infrastructure.csproj", "{68609CB5-7F3F-410E-8833-0216C8227ED5}"
EndProject
Project("{FAE04EC0-301F-11D3-BF4B-00C04F79EFBC}") = "UserManagement.Application", "src\UserManagement.Application\UserManagement.Application.csproj", "{FB68FD39-A75F-4981-AD17-0AC789A47944}"
EndProject
Global
	GlobalSection(SolutionConfigurationPlatforms) = preSolution
		Debug|Any CPU = Debug|Any CPU
		Debug|x64 = Debug|x64
		Debug|x86 = Debug|x86
		Release|Any CPU = Release|Any CPU
		Release|x64 = Release|x64
		Release|x86 = Release|x86
	EndGlobalSection
	GlobalSection(ProjectConfigurationPlatforms) = postSolution
		{78AFB71E-AC3F-4A5C-8BFD-D9E3FD89133C}.Debug|Any CPU.ActiveCfg = Debug|Any CPU
		{78AFB71E-AC3F-4A5C-8BFD-D9E3FD89133C}.Debug|Any CPU.Build.0 = Debug|Any CPU
		{78AFB71E-AC3F-4A5C-8BFD-D9E3FD89133C}.Debug|x64.ActiveCfg = Debug|Any CPU
		{78AFB71E-AC3F-4A5C-8BFD-D9E3FD89133C}.Debug|x64.Build.0 = Debug|Any CPU
		{78AFB71E-AC3F-4A5C-8BFD-D9E3FD89133C}.Debug|x86.ActiveCfg = Debug|Any CPU
		{78AFB71E-AC3F-4A5C-8BFD-D9E3FD89133C}.Debug|x86.Build.0 = Debug|Any CPU
		{78AFB71E-AC3F-4A5C-8BFD-D9E3FD89133C}.Release|Any CPU.ActiveCfg = Release|Any CPU
		{78AFB71E-AC3F-4A5C-8BFD-D9E3FD89133C}.Release|Any CPU.Build.0 = Release|Any CPU
		{78AFB71E-AC3F-4A5C-8BFD-D9E3FD89133C}.Release|x64.ActiveCfg = Release|Any CPU
		{78AFB71E-AC3F-4A5C-8BFD-D9E3FD89133C}.Release|x64.Build.0 = Release|Any CPU
		{78AFB71E-AC3F-4A5C-8BFD-D9E3FD89133C}.Release|x86.ActiveCfg = Release|Any CPU
		{78AFB71E-AC3F-4A5C-8BFD-D9E3FD89133C}.Release|x86.Build.0 = Release|Any CPU
		{8E790E9E-80F5-4CE9-B6B2-E62D8E743958}.Debug|Any CPU.ActiveCfg = Debug|Any CPU
		{8E790E9E-80F5-4CE9-B6B2-E62D8E743958}.Debug|Any CPU.Build.0 = Debug|Any CPU
		{8E790E9E-80F5-4CE9-B6B2-E62D8E743958}.Debug|x64.ActiveCfg = Debug|Any CPU
		{8E790E9E-80F5-4CE9-B6B2-E62D8E743958}.Debug|x64.Build.0 = Debug|Any CPU
		{8E790E9E-80F5-4CE9-B6B2-E62D8E743958}.Debug|x86.ActiveCfg = Debug|Any CPU
		{8E790E9E-80F5-4CE9-B6B2-E62D8E743958}.Debug|x86.Build.0 = Debug|Any CPU
		{8E790E9E-80F5-4CE9-B6B2-E62D8E743958}.Release|Any CPU.ActiveCfg = Release|Any CPU
		{8E790E9E-80F5-4CE9-B6B2-E62D8E743958}.Release|Any CPU.Build.0 = Release|Any CPU
		{8E790E9E-80F5-4CE9-B6B2-E62D8E743958}.Release|x64.ActiveCfg = Release|Any CPU
		{8E790E9E-80F5-4CE9-B6B2-E62D8E743958}.Release|x64.Build.0 = Release|Any CPU
		{8E790E9E-80F5-4CE9-B6B2-E62D8E743958}.Release|x86.ActiveCfg = Release|Any CPU
		{8E790E9E-80F5-4CE9-B6B2-E62D8E743958}.Release|x86.Build.0 = Release|Any CPU
		{68609CB5-7F3F-410E-8833-0216C8227ED5}.Debug|Any CPU.ActiveCfg = Debug|Any CPU
		{68609CB5-7F3F-410E-8833-0216C8227ED5}.Debug|Any CPU.Build.0 = Debug|Any CPU
		{68609CB5-7F3F-410E-8833-0216C8227ED5}.Debug|x64.ActiveCfg = Debug|Any CPU
		{68609CB5-7F3F-410E-8833-0216C8227ED5}.Debug|x64.Build.0 = Debug|Any CPU
		{68609CB5-7F3F-410E-8833-0216C8227ED5}.Debug|x86.ActiveCfg = Debug|Any CPU
		{68609CB5-7F3F-410E-8833-0216C8227ED5}.Debug|x86.Build.0 = Debug|Any CPU
		{68609CB5-7F3F-410E-8833-0216C8227ED5}.Release|Any CPU.ActiveCfg = Release|Any CPU
		{68609CB5-7F3F-410E-8833-0216C8227ED5}.Release|Any CPU.Build.0 = Release|Any CPU
		{68609CB5-7F3F-410E-8833-0216C8227ED5}.Release|x64.ActiveCfg = Release|Any CPU
		{68609CB5-7F3F-410E-8833-0216C8227ED5}.Release|x64.Build.0 = Release|Any CPU
		{68609CB5-7F3F-410E-8833-0216C8227ED5}.Release|x86.ActiveCfg = Release|Any CPU
		{68609CB5-7F3F-410E-8833-0216C8227ED5}.Release|x86.Build.0 = Release|Any CPU
		{FB68FD39-A75F-4981-AD17-0AC789A47944}.Debug|Any CPU.ActiveCfg = Debug|Any CPU
		{FB68FD39-A75F-4981-AD17-0AC789A47944}.Debug|Any CPU.Build.0 = Debug|Any CPU
		{FB68FD39-A75F-4981-AD17-0AC789A47944}.Debug|x64.ActiveCfg = Debug|Any CPU
		{FB68FD39-A75F-4981-AD17-0AC789A47944}.Debug|x64.Build.0 = Debug|Any CPU
		{FB68FD39-A75F-4981-AD17-0AC789A47944}.Debug|x86.ActiveCfg = Debug|Any CPU
		{FB68FD39-A75F-4981-AD17-0AC789A47944}.Debug|x86.Build.0 = Debug|Any CPU
		{FB68FD39-A75F-4981-AD17-0AC789A47944}.Release|Any CPU.ActiveCfg = Release|Any CPU
		{FB68FD39-A75F-4981-AD17-0AC789A47944}.Release|Any CPU.Build.0 = Release|Any CPU
		{FB68FD39-A75F-4981-AD17-0AC789A47944}.Release|x64.ActiveCfg = Release|Any CPU
		{FB68FD39-A75F-4981-AD17-0AC789A47944}.Release|x64.Build.0 = Release|Any CPU
		{FB68FD39-A75F-4981-AD17-0AC789A47944}.Release|x86.ActiveCfg = Release|Any CPU
		{FB68FD39-A75F-4981-AD17-0AC789A47944}.Release|x86.Build.0 = Release|Any CPU
	EndGlobalSection
	GlobalSection(SolutionProperties) = preSolution
		HideSolutionNode = FALSE
	EndGlobalSection
	GlobalSection(NestedProjects) = preSolution
		{78AFB71E-AC3F-4A5C-8BFD-D9E3FD89133C} = {827E0CD3-B72D-47B6-A68D-7590B98EB39B}
		{8E790E9E-80F5-4CE9-B6B2-E62D8E743958} = {827E0CD3-B72D-47B6-A68D-7590B98EB39B}
		{68609CB5-7F3F-410E-8833-0216C8227ED5} = {827E0CD3-B72D-47B6-A68D-7590B98EB39B}
		{FB68FD39-A75F-4981-AD17-0AC789A47944} = {827E0CD3-B72D-47B6-A68D-7590B98EB39B}
	EndGlobalSection
EndGlobal
